
Microsoft Visual Studio Solution File, Format Version 12.00
# Visual Studio Version 17
VisualStudioVersion = 17.8.34316.72
MinimumVisualStudioVersion = 10.0.40219.1
Project("{FAE04EC0-301F-11D3-BF4B-00C04F79EFBC}") = "Exercicio-Git-DiverseDev", "Exercicio-Git-DiverseDev\Exercicio-Git-DiverseDev.csproj", "{9F20CEAE-24D5-417D-956E-CF1B8FF852E1}"
EndProject
Global
	GlobalSection(SolutionConfigurationPlatforms) = preSolution
		Debug|Any CPU = Debug|Any CPU
		Release|Any CPU = Release|Any CPU
	EndGlobalSection
	GlobalSection(ProjectConfigurationPlatforms) = postSolution
		{9F20CEAE-24D5-417D-956E-CF1B8FF852E1}.Debug|Any CPU.ActiveCfg = Debug|Any CPU
		{9F20CEAE-24D5-417D-956E-CF1B8FF852E1}.Debug|Any CPU.Build.0 = Debug|Any CPU
		{9F20CEAE-24D5-417D-956E-CF1B8FF852E1}.Release|Any CPU.ActiveCfg = Release|Any CPU
		{9F20CEAE-24D5-417D-956E-CF1B8FF852E1}.Release|Any CPU.Build.0 = Release|Any CPU
	EndGlobalSection
	GlobalSection(SolutionProperties) = preSolution
		HideSolutionNode = FALSE
	EndGlobalSection
	GlobalSection(ExtensibilityGlobals) = postSolution
		SolutionGuid = {049AB03C-E0C2-45D5-B293-E8BCC0389180}
	EndGlobalSection
EndGlobal
